{
  "name": "consumer-microservice",
  "version": "1.0.0",
  "lockfileVersion": 2,
  "requires": true,
  "packages": {
    "": {
      "version": "1.0.0",
      "license": "ISC",
      "dependencies": {
        "is-docker": "^2.2.1",
        "kafkajs": "^1.15.0"
      }
    },
    "node_modules/is-docker": {
      "version": "2.2.1",
      "resolved": "https://registry.npmjs.org/is-docker/-/is-docker-2.2.1.tgz",
      "integrity": "sha512-F+i2BKsFrH66iaUFc0woD8sLy8getkwTwtOBjvs56Cx4CgJDeKQeqfz8wAYiSb8JOprWhHH5p77PbmYCvvUuXQ==",
      "bin": {
        "is-docker": "cli.js"
      },
      "engines": {
        "node": ">=8"
      },
      "funding": {
        "url": "https://github.com/sponsors/sindresorhus"
      }
    },
    "node_modules/kafkajs": {
      "version": "1.15.0",
      "resolved": "https://registry.npmjs.org/kafkajs/-/kafkajs-1.15.0.tgz",
      "integrity": "sha512-yjPyEnQCkPxAuQLIJnY5dI+xnmmgXmhuOQ1GVxClG5KTOV/rJcW1qA3UfvyEJKTp/RTSqQnUR3HJsKFvHyTpNg==",
      "engines": {
        "node": ">=10.13.0"
      }
    }
  },
  "dependencies": {
    "is-docker": {
      "version": "2.2.1",
      "resolved": "https://registry.npmjs.org/is-docker/-/is-docker-2.2.1.tgz",
      "integrity": "sha512-F+i2BKsFrH66iaUFc0woD8sLy8getkwTwtOBjvs56Cx4CgJDeKQeqfz8wAYiSb8JOprWhHH5p77PbmYCvvUuXQ=="
    },
    "kafkajs": {
      "version": "1.15.0",
      "resolved": "https://registry.npmjs.org/kafkajs/-/kafkajs-1.15.0.tgz",
      "integrity": "sha512-yjPyEnQCkPxAuQLIJnY5dI+xnmmgXmhuOQ1GVxClG5KTOV/rJcW1qA3UfvyEJKTp/RTSqQnUR3HJsKFvHyTpNg=="
    }
  }
}
